
Microsoft Visual Studio Solution File, Format Version 12.00
# Visual Studio Version 17
VisualStudioVersion = 17.12.35707.178 d17.12
MinimumVisualStudioVersion = 10.0.40219.1
Project("{FAE04EC0-301F-11D3-BF4B-00C04F79EFBC}") = "german-elections-2025-ui", "german-elections-2025-ui\german-elections-2025-ui\german-elections-2025-ui.csproj", "{0522F97B-0B1D-45E9-B94D-04452F9620A0}"
EndProject
Project("{FAE04EC0-301F-11D3-BF4B-00C04F79EFBC}") = "german-elections-2025-ui.Client", "german-elections-2025-ui\german-elections-2025-ui.Client\german-elections-2025-ui.Client.csproj", "{68E1295D-DA6E-4E6F-A723-7C3267FFA2C0}"
EndProject
Global
	GlobalSection(SolutionConfigurationPlatforms) = preSolution
		Debug|Any CPU = Debug|Any CPU
		Release|Any CPU = Release|Any CPU
	EndGlobalSection
	GlobalSection(ProjectConfigurationPlatforms) = postSolution
		{0522F97B-0B1D-45E9-B94D-04452F9620A0}.Debug|Any CPU.ActiveCfg = Debug|Any CPU
		{0522F97B-0B1D-45E9-B94D-04452F9620A0}.Debug|Any CPU.Build.0 = Debug|Any CPU
		{0522F97B-0B1D-45E9-B94D-04452F9620A0}.Release|Any CPU.ActiveCfg = Release|Any CPU
		{0522F97B-0B1D-45E9-B94D-04452F9620A0}.Release|Any CPU.Build.0 = Release|Any CPU
		{68E1295D-DA6E-4E6F-A723-7C3267FFA2C0}.Debug|Any CPU.ActiveCfg = Debug|Any CPU
		{68E1295D-DA6E-4E6F-A723-7C3267FFA2C0}.Debug|Any CPU.Build.0 = Debug|Any CPU
		{68E1295D-DA6E-4E6F-A723-7C3267FFA2C0}.Release|Any CPU.ActiveCfg = Release|Any CPU
		{68E1295D-DA6E-4E6F-A723-7C3267FFA2C0}.Release|Any CPU.Build.0 = Release|Any CPU
	EndGlobalSection
	GlobalSection(SolutionProperties) = preSolution
		HideSolutionNode = FALSE
	EndGlobalSection
EndGlobal
